
Microsoft Visual Studio Solution File, Format Version 12.00
# Visual Studio 15
VisualStudioVersion = 15.0.27428.1
MinimumVisualStudioVersion = 10.0.40219.1
Project("{FAE04EC0-301F-11D3-BF4B-00C04F79EFBC}") = "Web App for Image Service", "Web App for Image Service\Web App for Image Service.csproj", "{D21C1BF6-874E-416C-BF8A-03C1EAE85434}"
EndProject
Global
	GlobalSection(SolutionConfigurationPlatforms) = preSolution
		Debug|Any CPU = Debug|Any CPU
		Release|Any CPU = Release|Any CPU
	EndGlobalSection
	GlobalSection(ProjectConfigurationPlatforms) = postSolution
		{D21C1BF6-874E-416C-BF8A-03C1EAE85434}.Debug|Any CPU.ActiveCfg = Debug|Any CPU
		{D21C1BF6-874E-416C-BF8A-03C1EAE85434}.Debug|Any CPU.Build.0 = Debug|Any CPU
		{D21C1BF6-874E-416C-BF8A-03C1EAE85434}.Release|Any CPU.ActiveCfg = Release|Any CPU
		{D21C1BF6-874E-416C-BF8A-03C1EAE85434}.Release|Any CPU.Build.0 = Release|Any CPU
	EndGlobalSection
	GlobalSection(SolutionProperties) = preSolution
		HideSolutionNode = FALSE
	EndGlobalSection
	GlobalSection(ExtensibilityGlobals) = postSolution
		SolutionGuid = {032E7700-0BC6-4F10-BB87-CC193E4235A1}
	EndGlobalSection
EndGlobal
